
Microsoft Visual Studio Solution File, Format Version 12.00
# Visual Studio Version 17
VisualStudioVersion = 17.3.32901.215
MinimumVisualStudioVersion = 10.0.40219.1
Project("{9A19103F-16F7-4668-BE54-9A1E7A4F7556}") = "Xfp", "XFP\Xfp.csproj", "{8D6A568A-CA5B-42A3-9587-6FEFA714C921}"
EndProject
Project("{9A19103F-16F7-4668-BE54-9A1E7A4F7556}") = "CTecControls", "..\CTecControls\CTecControls.csproj", "{55DD51C0-D1C1-4CFF-B364-95EBE4716D88}"
EndProject
Project("{2150E333-8FDC-42A3-9474-1A3956D46DE8}") = "XFP Files", "XFP Files", "{C45DAED4-A4DA-407C-A212-D46200E5481A}"
	ProjectSection(SolutionItems) = preProject
		XFP Files\C-Tec R&D Dark Lane.xfp = XFP Files\C-Tec R&D Dark Lane.xfp
		XFP Files\covid hospital.xfp = XFP Files\covid hospital.xfp
		XFP Files\Default.xfp = XFP Files\Default.xfp
		XFP Files\jjb.xfp = XFP Files\jjb.xfp
		XFP Files\test.xfp = XFP Files\test.xfp
	EndProjectSection
EndProject
Project("{2150E333-8FDC-42A3-9474-1A3956D46DE8}") = "Solution Items", "Solution Items", "{604C2B34-3392-433C-9BEC-CC7F5A6C2F75}"
	ProjectSection(SolutionItems) = preProject
		.editorconfig = .editorconfig
	EndProjectSection
EndProject
Project("{9A19103F-16F7-4668-BE54-9A1E7A4F7556}") = "CTecUtil", "..\CTecUtil\CTecUtil.csproj", "{002B65FB-2940-488E-91B4-85F2F45BD807}"
EndProject
Project("{9A19103F-16F7-4668-BE54-9A1E7A4F7556}") = "CTecDevices", "..\CTecDevices\CTecDevices.csproj", "{DCF3DC99-6CD4-45DE-9C02-D04156004316}"
EndProject
Project("{9A19103F-16F7-4668-BE54-9A1E7A4F7556}") = "CTecFtdi", "..\CTecFtdi\CTecFtdi.csproj", "{DCC9A9E9-2E0A-4EA6-B800-C3A7090E3B8A}"
EndProject
Project("{C7167F0D-BC9F-4E6E-AFE1-012C56B48DB5}") = "XFPTools.Package", "XFPTools.Package\XFPTools.Package.wapproj", "{24373B72-743E-4B95-AFD5-B93AAC9434A2}"
EndProject
Global
	GlobalSection(SolutionConfigurationPlatforms) = preSolution
		Debug|Any CPU = Debug|Any CPU
		Debug|ARM = Debug|ARM
		Debug|ARM64 = Debug|ARM64
		Debug|x64 = Debug|x64
		Debug|x86 = Debug|x86
		Release|Any CPU = Release|Any CPU
		Release|ARM = Release|ARM
		Release|ARM64 = Release|ARM64
		Release|x64 = Release|x64
		Release|x86 = Release|x86
	EndGlobalSection
	GlobalSection(ProjectConfigurationPlatforms) = postSolution
		{8D6A568A-CA5B-42A3-9587-6FEFA714C921}.Debug|Any CPU.ActiveCfg = Debug|Any CPU
		{8D6A568A-CA5B-42A3-9587-6FEFA714C921}.Debug|Any CPU.Build.0 = Debug|Any CPU
		{8D6A568A-CA5B-42A3-9587-6FEFA714C921}.Debug|ARM.ActiveCfg = Debug|Any CPU
		{8D6A568A-CA5B-42A3-9587-6FEFA714C921}.Debug|ARM.Build.0 = Debug|Any CPU
		{8D6A568A-CA5B-42A3-9587-6FEFA714C921}.Debug|ARM64.ActiveCfg = Debug|Any CPU
		{8D6A568A-CA5B-42A3-9587-6FEFA714C921}.Debug|ARM64.Build.0 = Debug|Any CPU
		{8D6A568A-CA5B-42A3-9587-6FEFA714C921}.Debug|x64.ActiveCfg = Debug|Any CPU
		{8D6A568A-CA5B-42A3-9587-6FEFA714C921}.Debug|x64.Build.0 = Debug|Any CPU
		{8D6A568A-CA5B-42A3-9587-6FEFA714C921}.Debug|x86.ActiveCfg = Debug|Any CPU
		{8D6A568A-CA5B-42A3-9587-6FEFA714C921}.Debug|x86.Build.0 = Debug|Any CPU
		{8D6A568A-CA5B-42A3-9587-6FEFA714C921}.Release|Any CPU.ActiveCfg = Release|Any CPU
		{8D6A568A-CA5B-42A3-9587-6FEFA714C921}.Release|Any CPU.Build.0 = Release|Any CPU
		{8D6A568A-CA5B-42A3-9587-6FEFA714C921}.Release|ARM.ActiveCfg = Release|Any CPU
		{8D6A568A-CA5B-42A3-9587-6FEFA714C921}.Release|ARM.Build.0 = Release|Any CPU
		{8D6A568A-CA5B-42A3-9587-6FEFA714C921}.Release|ARM64.ActiveCfg = Release|Any CPU
		{8D6A568A-CA5B-42A3-9587-6FEFA714C921}.Release|ARM64.Build.0 = Release|Any CPU
		{8D6A568A-CA5B-42A3-9587-6FEFA714C921}.Release|x64.ActiveCfg = Release|Any CPU
		{8D6A568A-CA5B-42A3-9587-6FEFA714C921}.Release|x64.Build.0 = Release|Any CPU
		{8D6A568A-CA5B-42A3-9587-6FEFA714C921}.Release|x86.ActiveCfg = Release|Any CPU
		{8D6A568A-CA5B-42A3-9587-6FEFA714C921}.Release|x86.Build.0 = Release|Any CPU
		{55DD51C0-D1C1-4CFF-B364-95EBE4716D88}.Debug|Any CPU.ActiveCfg = Debug|Any CPU
		{55DD51C0-D1C1-4CFF-B364-95EBE4716D88}.Debug|Any CPU.Build.0 = Debug|Any CPU
		{55DD51C0-D1C1-4CFF-B364-95EBE4716D88}.Debug|ARM.ActiveCfg = Debug|Any CPU
		{55DD51C0-D1C1-4CFF-B364-95EBE4716D88}.Debug|ARM.Build.0 = Debug|Any CPU
		{55DD51C0-D1C1-4CFF-B364-95EBE4716D88}.Debug|ARM64.ActiveCfg = Debug|Any CPU
		{55DD51C0-D1C1-4CFF-B364-95EBE4716D88}.Debug|ARM64.Build.0 = Debug|Any CPU
		{55DD51C0-D1C1-4CFF-B364-95EBE4716D88}.Debug|x64.ActiveCfg = Debug|Any CPU
		{55DD51C0-D1C1-4CFF-B364-95EBE4716D88}.Debug|x64.Build.0 = Debug|Any CPU
		{55DD51C0-D1C1-4CFF-B364-95EBE4716D88}.Debug|x86.ActiveCfg = Debug|Any CPU
		{55DD51C0-D1C1-4CFF-B364-95EBE4716D88}.Debug|x86.Build.0 = Debug|Any CPU
		{55DD51C0-D1C1-4CFF-B364-95EBE4716D88}.Release|Any CPU.ActiveCfg = Release|Any CPU
		{55DD51C0-D1C1-4CFF-B364-95EBE4716D88}.Release|Any CPU.Build.0 = Release|Any CPU
		{55DD51C0-D1C1-4CFF-B364-95EBE4716D88}.Release|ARM.ActiveCfg = Release|Any CPU
		{55DD51C0-D1C1-4CFF-B364-95EBE4716D88}.Release|ARM.Build.0 = Release|Any CPU
		{55DD51C0-D1C1-4CFF-B364-95EBE4716D88}.Release|ARM64.ActiveCfg = Release|Any CPU
		{55DD51C0-D1C1-4CFF-B364-95EBE4716D88}.Release|ARM64.Build.0 = Release|Any CPU
		{55DD51C0-D1C1-4CFF-B364-95EBE4716D88}.Release|x64.ActiveCfg = Release|Any CPU
		{55DD51C0-D1C1-4CFF-B364-95EBE4716D88}.Release|x64.Build.0 = Release|Any CPU
		{55DD51C0-D1C1-4CFF-B364-95EBE4716D88}.Release|x86.ActiveCfg = Release|Any CPU
		{55DD51C0-D1C1-4CFF-B364-95EBE4716D88}.Release|x86.Build.0 = Release|Any CPU
		{002B65FB-2940-488E-91B4-85F2F45BD807}.Debug|Any CPU.ActiveCfg = Debug|Any CPU
		{002B65FB-2940-488E-91B4-85F2F45BD807}.Debug|Any CPU.Build.0 = Debug|Any CPU
		{002B65FB-2940-488E-91B4-85F2F45BD807}.Debug|ARM.ActiveCfg = Debug|Any CPU
		{002B65FB-2940-488E-91B4-85F2F45BD807}.Debug|ARM.Build.0 = Debug|Any CPU
		{002B65FB-2940-488E-91B4-85F2F45BD807}.Debug|ARM64.ActiveCfg = Debug|Any CPU
		{002B65FB-2940-488E-91B4-85F2F45BD807}.Debug|ARM64.Build.0 = Debug|Any CPU
		{002B65FB-2940-488E-91B4-85F2F45BD807}.Debug|x64.ActiveCfg = Debug|Any CPU
		{002B65FB-2940-488E-91B4-85F2F45BD807}.Debug|x64.Build.0 = Debug|Any CPU
		{002B65FB-2940-488E-91B4-85F2F45BD807}.Debug|x86.ActiveCfg = Debug|Any CPU
		{002B65FB-2940-488E-91B4-85F2F45BD807}.Debug|x86.Build.0 = Debug|Any CPU
		{002B65FB-2940-488E-91B4-85F2F45BD807}.Release|Any CPU.ActiveCfg = Release|Any CPU
		{002B65FB-2940-488E-91B4-85F2F45BD807}.Release|Any CPU.Build.0 = Release|Any CPU
		{002B65FB-2940-488E-91B4-85F2F45BD807}.Release|ARM.ActiveCfg = Release|Any CPU
		{002B65FB-2940-488E-91B4-85F2F45BD807}.Release|ARM.Build.0 = Release|Any CPU
		{002B65FB-2940-488E-91B4-85F2F45BD807}.Release|ARM64.ActiveCfg = Release|Any CPU
		{002B65FB-2940-488E-91B4-85F2F45BD807}.Release|ARM64.Build.0 = Release|Any CPU
		{002B65FB-2940-488E-91B4-85F2F45BD807}.Release|x64.ActiveCfg = Release|Any CPU
		{002B65FB-2940-488E-91B4-85F2F45BD807}.Release|x64.Build.0 = Release|Any CPU
		{002B65FB-2940-488E-91B4-85F2F45BD807}.Release|x86.ActiveCfg = Release|Any CPU
		{002B65FB-2940-488E-91B4-85F2F45BD807}.Release|x86.Build.0 = Release|Any CPU
		{DCF3DC99-6CD4-45DE-9C02-D04156004316}.Debug|Any CPU.ActiveCfg = Debug|Any CPU
		{DCF3DC99-6CD4-45DE-9C02-D04156004316}.Debug|Any CPU.Build.0 = Debug|Any CPU
		{DCF3DC99-6CD4-45DE-9C02-D04156004316}.Debug|ARM.ActiveCfg = Debug|Any CPU
		{DCF3DC99-6CD4-45DE-9C02-D04156004316}.Debug|ARM.Build.0 = Debug|Any CPU
		{DCF3DC99-6CD4-45DE-9C02-D04156004316}.Debug|ARM64.ActiveCfg = Debug|Any CPU
		{DCF3DC99-6CD4-45DE-9C02-D04156004316}.Debug|ARM64.Build.0 = Debug|Any CPU
		{DCF3DC99-6CD4-45DE-9C02-D04156004316}.Debug|x64.ActiveCfg = Debug|Any CPU
		{DCF3DC99-6CD4-45DE-9C02-D04156004316}.Debug|x64.Build.0 = Debug|Any CPU
		{DCF3DC99-6CD4-45DE-9C02-D04156004316}.Debug|x86.ActiveCfg = Debug|Any CPU
		{DCF3DC99-6CD4-45DE-9C02-D04156004316}.Debug|x86.Build.0 = Debug|Any CPU
		{DCF3DC99-6CD4-45DE-9C02-D04156004316}.Release|Any CPU.ActiveCfg = Release|Any CPU
		{DCF3DC99-6CD4-45DE-9C02-D04156004316}.Release|Any CPU.Build.0 = Release|Any CPU
		{DCF3DC99-6CD4-45DE-9C02-D04156004316}.Release|ARM.ActiveCfg = Release|Any CPU
		{DCF3DC99-6CD4-45DE-9C02-D04156004316}.Release|ARM.Build.0 = Release|Any CPU
		{DCF3DC99-6CD4-45DE-9C02-D04156004316}.Release|ARM64.ActiveCfg = Release|Any CPU
		{DCF3DC99-6CD4-45DE-9C02-D04156004316}.Release|ARM64.Build.0 = Release|Any CPU
		{DCF3DC99-6CD4-45DE-9C02-D04156004316}.Release|x64.ActiveCfg = Release|Any CPU
		{DCF3DC99-6CD4-45DE-9C02-D04156004316}.Release|x64.Build.0 = Release|Any CPU
		{DCF3DC99-6CD4-45DE-9C02-D04156004316}.Release|x86.ActiveCfg = Release|Any CPU
		{DCF3DC99-6CD4-45DE-9C02-D04156004316}.Release|x86.Build.0 = Release|Any CPU
		{DCC9A9E9-2E0A-4EA6-B800-C3A7090E3B8A}.Debug|Any CPU.ActiveCfg = Debug|Any CPU
		{DCC9A9E9-2E0A-4EA6-B800-C3A7090E3B8A}.Debug|Any CPU.Build.0 = Debug|Any CPU
		{DCC9A9E9-2E0A-4EA6-B800-C3A7090E3B8A}.Debug|ARM.ActiveCfg = Debug|Any CPU
		{DCC9A9E9-2E0A-4EA6-B800-C3A7090E3B8A}.Debug|ARM.Build.0 = Debug|Any CPU
		{DCC9A9E9-2E0A-4EA6-B800-C3A7090E3B8A}.Debug|ARM64.ActiveCfg = Debug|Any CPU
		{DCC9A9E9-2E0A-4EA6-B800-C3A7090E3B8A}.Debug|ARM64.Build.0 = Debug|Any CPU
		{DCC9A9E9-2E0A-4EA6-B800-C3A7090E3B8A}.Debug|x64.ActiveCfg = Debug|Any CPU
		{DCC9A9E9-2E0A-4EA6-B800-C3A7090E3B8A}.Debug|x64.Build.0 = Debug|Any CPU
		{DCC9A9E9-2E0A-4EA6-B800-C3A7090E3B8A}.Debug|x86.ActiveCfg = Debug|Any CPU
		{DCC9A9E9-2E0A-4EA6-B800-C3A7090E3B8A}.Debug|x86.Build.0 = Debug|Any CPU
		{DCC9A9E9-2E0A-4EA6-B800-C3A7090E3B8A}.Release|Any CPU.ActiveCfg = Release|Any CPU
		{DCC9A9E9-2E0A-4EA6-B800-C3A7090E3B8A}.Release|Any CPU.Build.0 = Release|Any CPU
		{DCC9A9E9-2E0A-4EA6-B800-C3A7090E3B8A}.Release|ARM.ActiveCfg = Release|Any CPU
		{DCC9A9E9-2E0A-4EA6-B800-C3A7090E3B8A}.Release|ARM.Build.0 = Release|Any CPU
		{DCC9A9E9-2E0A-4EA6-B800-C3A7090E3B8A}.Release|ARM64.ActiveCfg = Release|Any CPU
		{DCC9A9E9-2E0A-4EA6-B800-C3A7090E3B8A}.Release|ARM64.Build.0 = Release|Any CPU
		{DCC9A9E9-2E0A-4EA6-B800-C3A7090E3B8A}.Release|x64.ActiveCfg = Release|Any CPU
		{DCC9A9E9-2E0A-4EA6-B800-C3A7090E3B8A}.Release|x64.Build.0 = Release|Any CPU
		{DCC9A9E9-2E0A-4EA6-B800-C3A7090E3B8A}.Release|x86.ActiveCfg = Release|Any CPU
		{DCC9A9E9-2E0A-4EA6-B800-C3A7090E3B8A}.Release|x86.Build.0 = Release|Any CPU
		{24373B72-743E-4B95-AFD5-B93AAC9434A2}.Debug|Any CPU.ActiveCfg = Debug|Any CPU
		{24373B72-743E-4B95-AFD5-B93AAC9434A2}.Debug|Any CPU.Build.0 = Debug|Any CPU
		{24373B72-743E-4B95-AFD5-B93AAC9434A2}.Debug|Any CPU.Deploy.0 = Debug|Any CPU
		{24373B72-743E-4B95-AFD5-B93AAC9434A2}.Debug|ARM.ActiveCfg = Debug|ARM
		{24373B72-743E-4B95-AFD5-B93AAC9434A2}.Debug|ARM.Build.0 = Debug|ARM
		{24373B72-743E-4B95-AFD5-B93AAC9434A2}.Debug|ARM.Deploy.0 = Debug|ARM
		{24373B72-743E-4B95-AFD5-B93AAC9434A2}.Debug|ARM64.ActiveCfg = Debug|ARM64
		{24373B72-743E-4B95-AFD5-B93AAC9434A2}.Debug|ARM64.Build.0 = Debug|ARM64
		{24373B72-743E-4B95-AFD5-B93AAC9434A2}.Debug|ARM64.Deploy.0 = Debug|ARM64
		{24373B72-743E-4B95-AFD5-B93AAC9434A2}.Debug|x64.ActiveCfg = Debug|x64
		{24373B72-743E-4B95-AFD5-B93AAC9434A2}.Debug|x64.Build.0 = Debug|x64
		{24373B72-743E-4B95-AFD5-B93AAC9434A2}.Debug|x64.Deploy.0 = Debug|x64
		{24373B72-743E-4B95-AFD5-B93AAC9434A2}.Debug|x86.ActiveCfg = Debug|x86
		{24373B72-743E-4B95-AFD5-B93AAC9434A2}.Debug|x86.Build.0 = Debug|x86
		{24373B72-743E-4B95-AFD5-B93AAC9434A2}.Debug|x86.Deploy.0 = Debug|x86
		{24373B72-743E-4B95-AFD5-B93AAC9434A2}.Release|Any CPU.ActiveCfg = Release|Any CPU
		{24373B72-743E-4B95-AFD5-B93AAC9434A2}.Release|Any CPU.Build.0 = Release|Any CPU
		{24373B72-743E-4B95-AFD5-B93AAC9434A2}.Release|Any CPU.Deploy.0 = Release|Any CPU
		{24373B72-743E-4B95-AFD5-B93AAC9434A2}.Release|ARM.ActiveCfg = Release|ARM
		{24373B72-743E-4B95-AFD5-B93AAC9434A2}.Release|ARM.Build.0 = Release|ARM
		{24373B72-743E-4B95-AFD5-B93AAC9434A2}.Release|ARM.Deploy.0 = Release|ARM
		{24373B72-743E-4B95-AFD5-B93AAC9434A2}.Release|ARM64.ActiveCfg = Release|ARM64
		{24373B72-743E-4B95-AFD5-B93AAC9434A2}.Release|ARM64.Build.0 = Release|ARM64
		{24373B72-743E-4B95-AFD5-B93AAC9434A2}.Release|ARM64.Deploy.0 = Release|ARM64
		{24373B72-743E-4B95-AFD5-B93AAC9434A2}.Release|x64.ActiveCfg = Release|x64
		{24373B72-743E-4B95-AFD5-B93AAC9434A2}.Release|x64.Build.0 = Release|x64
		{24373B72-743E-4B95-AFD5-B93AAC9434A2}.Release|x64.Deploy.0 = Release|x64
		{24373B72-743E-4B95-AFD5-B93AAC9434A2}.Release|x86.ActiveCfg = Release|x86
		{24373B72-743E-4B95-AFD5-B93AAC9434A2}.Release|x86.Build.0 = Release|x86
		{24373B72-743E-4B95-AFD5-B93AAC9434A2}.Release|x86.Deploy.0 = Release|x86
	EndGlobalSection
	GlobalSection(SolutionProperties) = preSolution
		HideSolutionNode = FALSE
	EndGlobalSection
	GlobalSection(ExtensibilityGlobals) = postSolution
		SolutionGuid = {7A6DE5C4-D77C-4C34-A1B2-61E08C310FD3}
	EndGlobalSection
EndGlobal
